
Microsoft Visual Studio Solution File, Format Version 12.00
# Visual Studio 15
VisualStudioVersion = 15.0.26228.4
MinimumVisualStudioVersion = 10.0.40219.1
Project("{FAE04EC0-301F-11D3-BF4B-00C04F79EFBC}") = "SoundBoard", "SoundBoard.csproj", "{A90F607A-5B6D-5FD8-BC2B-39961DACA710}"
EndProject
Project("{2150E333-8FDC-42A3-9474-1A3956D46DE8}") = "Solution Items", "Solution Items", "{225DBE76-49C0-46CE-A40B-8F518FB825EF}"
	ProjectSection(SolutionItems) = preProject
		..\LICENSE = ..\LICENSE
		..\PrivacyPolicy.md = ..\PrivacyPolicy.md
		..\README.md = ..\README.md
	EndProjectSection
EndProject
Global
	GlobalSection(SolutionConfigurationPlatforms) = preSolution
		Debug|ARM = Debug|ARM
		Debug|x64 = Debug|x64
		Debug|x86 = Debug|x86
		Release|ARM = Release|ARM
		Release|x64 = Release|x64
		Release|x86 = Release|x86
	EndGlobalSection
	GlobalSection(ProjectConfigurationPlatforms) = postSolution
		{A90F607A-5B6D-5FD8-BC2B-39961DACA710}.Debug|ARM.ActiveCfg = Debug|ARM
		{A90F607A-5B6D-5FD8-BC2B-39961DACA710}.Debug|ARM.Build.0 = Debug|ARM
		{A90F607A-5B6D-5FD8-BC2B-39961DACA710}.Debug|ARM.Deploy.0 = Debug|ARM
		{A90F607A-5B6D-5FD8-BC2B-39961DACA710}.Debug|x64.ActiveCfg = Debug|x64
		{A90F607A-5B6D-5FD8-BC2B-39961DACA710}.Debug|x64.Build.0 = Debug|x64
		{A90F607A-5B6D-5FD8-BC2B-39961DACA710}.Debug|x64.Deploy.0 = Debug|x64
		{A90F607A-5B6D-5FD8-BC2B-39961DACA710}.Debug|x86.ActiveCfg = Debug|x86
		{A90F607A-5B6D-5FD8-BC2B-39961DACA710}.Debug|x86.Build.0 = Debug|x86
		{A90F607A-5B6D-5FD8-BC2B-39961DACA710}.Debug|x86.Deploy.0 = Debug|x86
		{A90F607A-5B6D-5FD8-BC2B-39961DACA710}.Release|ARM.ActiveCfg = Release|ARM
		{A90F607A-5B6D-5FD8-BC2B-39961DACA710}.Release|ARM.Build.0 = Release|ARM
		{A90F607A-5B6D-5FD8-BC2B-39961DACA710}.Release|ARM.Deploy.0 = Release|ARM
		{A90F607A-5B6D-5FD8-BC2B-39961DACA710}.Release|x64.ActiveCfg = Release|x64
		{A90F607A-5B6D-5FD8-BC2B-39961DACA710}.Release|x64.Build.0 = Release|x64
		{A90F607A-5B6D-5FD8-BC2B-39961DACA710}.Release|x64.Deploy.0 = Release|x64
		{A90F607A-5B6D-5FD8-BC2B-39961DACA710}.Release|x86.ActiveCfg = Release|x86
		{A90F607A-5B6D-5FD8-BC2B-39961DACA710}.Release|x86.Build.0 = Release|x86
		{A90F607A-5B6D-5FD8-BC2B-39961DACA710}.Release|x86.Deploy.0 = Release|x86
	EndGlobalSection
	GlobalSection(SolutionProperties) = preSolution
		HideSolutionNode = FALSE
	EndGlobalSection
	GlobalSection(ExtensibilityGlobals) = postSolution
		SolutionGuid = {2A1B3FCB-0BFC-4BA0-A2BA-097BCEE5222A}
	EndGlobalSection
EndGlobal
